
Microsoft Visual Studio Solution File, Format Version 12.00
# Visual Studio Version 17
VisualStudioVersion = 17.4.33502.350
MinimumVisualStudioVersion = 10.0.40219.1
Project("{FAE04EC0-301F-11D3-BF4B-00C04F79EFBC}") = "Fiap.Web.AspNet", "Fiap.Web.AspNet\Fiap.Web.AspNet.csproj", "{FDBF79A1-4614-49AD-BBA5-DA555100C310}"
EndProject
Global
	GlobalSection(SolutionConfigurationPlatforms) = preSolution
		Debug|Any CPU = Debug|Any CPU
		Release|Any CPU = Release|Any CPU
	EndGlobalSection
	GlobalSection(ProjectConfigurationPlatforms) = postSolution
		{FDBF79A1-4614-49AD-BBA5-DA555100C310}.Debug|Any CPU.ActiveCfg = Debug|Any CPU
		{FDBF79A1-4614-49AD-BBA5-DA555100C310}.Debug|Any CPU.Build.0 = Debug|Any CPU
		{FDBF79A1-4614-49AD-BBA5-DA555100C310}.Release|Any CPU.ActiveCfg = Release|Any CPU
		{FDBF79A1-4614-49AD-BBA5-DA555100C310}.Release|Any CPU.Build.0 = Release|Any CPU
	EndGlobalSection
	GlobalSection(SolutionProperties) = preSolution
		HideSolutionNode = FALSE
	EndGlobalSection
	GlobalSection(ExtensibilityGlobals) = postSolution
		SolutionGuid = {4322A90F-0256-41E7-AEF6-E76B5018A98E}
	EndGlobalSection
EndGlobal
